
Microsoft Visual Studio Solution File, Format Version 12.00
# Visual Studio Version 16
VisualStudioVersion = 16.0.31515.178
MinimumVisualStudioVersion = 10.0.40219.1
Project("{8BC9CEB8-8B4A-11D0-8D11-00A0C91BC942}") = "NFSMWFreeRunMod", "NFSMWFreeRunMod\NFSMWFreeRunMod.vcxproj", "{05033056-E03E-48C7-86C5-A65517BBE268}"
EndProject
Global
	GlobalSection(SolutionConfigurationPlatforms) = preSolution
		Debug|x64 = Debug|x64
		Debug|x86 = Debug|x86
		Release|x64 = Release|x64
		Release|x86 = Release|x86
	EndGlobalSection
	GlobalSection(ProjectConfigurationPlatforms) = postSolution
		{05033056-E03E-48C7-86C5-A65517BBE268}.Debug|x64.ActiveCfg = Debug|x64
		{05033056-E03E-48C7-86C5-A65517BBE268}.Debug|x64.Build.0 = Debug|x64
		{05033056-E03E-48C7-86C5-A65517BBE268}.Debug|x86.ActiveCfg = Debug|Win32
		{05033056-E03E-48C7-86C5-A65517BBE268}.Debug|x86.Build.0 = Debug|Win32
		{05033056-E03E-48C7-86C5-A65517BBE268}.Release|x64.ActiveCfg = Release|x64
		{05033056-E03E-48C7-86C5-A65517BBE268}.Release|x64.Build.0 = Release|x64
		{05033056-E03E-48C7-86C5-A65517BBE268}.Release|x86.ActiveCfg = Release|Win32
		{05033056-E03E-48C7-86C5-A65517BBE268}.Release|x86.Build.0 = Release|Win32
	EndGlobalSection
	GlobalSection(SolutionProperties) = preSolution
		HideSolutionNode = FALSE
	EndGlobalSection
	GlobalSection(ExtensibilityGlobals) = postSolution
		SolutionGuid = {C5CAB5C3-EBA3-4C16-8184-895921657E7B}
	EndGlobalSection
EndGlobal
